// !$*UTF8*$!
{
	archiveVersion = 1;
	classes = {
	};
	objectVersion = 46;
	objects = {

/* Begin PBXBuildFile section */
		970210931D19B84900F061DA /* AppDelegate.swift in Sources */ = {isa = PBXBuildFile; fileRef = 970210921D19B84900F061DA /* AppDelegate.swift */; };
		970210951D19B84900F061DA /* ViewController.swift in Sources */ = {isa = PBXBuildFile; fileRef = 970210941D19B84900F061DA /* ViewController.swift */; };
		970210981D19B84900F061DA /* Main.storyboard in Resources */ = {isa = PBXBuildFile; fileRef = 970210961D19B84900F061DA /* Main.storyboard */; };
		9702109A1D19B84900F061DA /* Assets.xcassets in Resources */ = {isa = PBXBuildFile; fileRef = 970210991D19B84900F061DA /* Assets.xcassets */; };
		9702109D1D19B84900F061DA /* LaunchScreen.storyboard in Resources */ = {isa = PBXBuildFile; fileRef = 9702109B1D19B84900F061DA /* LaunchScreen.storyboard */; };
		97329BCC1D19D0D400DF01BD /* SettingsViewController.swift in Sources */ = {isa = PBXBuildFile; fileRef = 97329BCB1D19D0D400DF01BD /* SettingsViewController.swift */; };
		97BFDD041D1B128B00385B93 /* Helper.swift in Sources */ = {isa = PBXBuildFile; fileRef = 97BFDD031D1B128B00385B93 /* Helper.swift */; };
/* End PBXBuildFile section */

/* Begin PBXFileReference section */
		9702108F1D19B84900F061DA /* tips.app */ = {isa = PBXFileReference; explicitFileType = wrapper.application; includeInIndex = 0; path = tips.app; sourceTree = BUILT_PRODUCTS_DIR; };
		970210921D19B84900F061DA /* AppDelegate.swift */ = {isa = PBXFileReference; lastKnownFileType = sourcecode.swift; path = AppDelegate.swift; sourceTree = "<group>"; };
		970210941D19B84900F061DA /* ViewController.swift */ = {isa = PBXFileReference; lastKnownFileType = sourcecode.swift; path = ViewController.swift; sourceTree = "<group>"; };
		970210971D19B84900F061DA /* Base */ = {isa = PBXFileReference; lastKnownFileType = file.storyboard; name = Base; path = Base.lproj/Main.storyboard; sourceTree = "<group>"; };
		970210991D19B84900F061DA /* Assets.xcassets */ = {isa = PBXFileReference; lastKnownFileType = folder.assetcatalog; path = Assets.xcassets; sourceTree = "<group>"; };
		9702109C1D19B84900F061DA /* Base */ = {isa = PBXFileReference; lastKnownFileType = file.storyboard; name = Base; path = Base.lproj/LaunchScreen.storyboard; sourceTree = "<group>"; };
		9702109E1D19B84900F061DA /* Info.plist */ = {isa = PBXFileReference; lastKnownFileType = text.plist.xml; path = Info.plist; sourceTree = "<group>"; };
		97329BCB1D19D0D400DF01BD /* SettingsViewController.swift */ = {isa = PBXFileReference; fileEncoding = 4; lastKnownFileType = sourcecode.swift; path = SettingsViewController.swift; sourceTree = "<group>"; };
		97BFDD031D1B128B00385B93 /* Helper.swift */ = {isa = PBXFileReference; fileEncoding = 4; lastKnownFileType = sourcecode.swift; path = Helper.swift; sourceTree = "<group>"; };
/* End PBXFileReference section */

/* Begin PBXFrameworksBuildPhase section */
		9702108C1D19B84900F061DA /* Frameworks */ = {
			isa = PBXFrameworksBuildPhase;
			buildActionMask = 2147483647;
			files = (
			);
			runOnlyForDeploymentPostprocessing = 0;
		};
/* End PBXFrameworksBuildPhase section */

/* Begin PBXGroup section */
		970210861D19B84900F061DA = {
			isa = PBXGroup;
			children = (
				970210911D19B84900F061DA /* tips */,
				970210901D19B84900F061DA /* Products */,
			);
			sourceTree = "<group>";
		};
		970210901D19B84900F061DA /* Products */ = {
			isa = PBXGroup;
			children = (
				9702108F1D19B84900F061DA /* tips.app */,
			);
			name = Products;
			sourceTree = "<group>";
		};
		970210911D19B84900F061DA /* tips */ = {
			isa = PBXGroup;
			children = (
				970210921D19B84900F061DA /* AppDelegate.swift */,
				970210941D19B84900F061DA /* ViewController.swift */,
				970210961D19B84900F061DA /* Main.storyboard */,
				97329BCB1D19D0D400DF01BD /* SettingsViewController.swift */,
				970210991D19B84900F061DA /* Assets.xcassets */,
				9702109B1D19B84900F061DA /* LaunchScreen.storyboard */,
				9702109E1D19B84900F061DA /* Info.plist */,
				97BFDD031D1B128B00385B93 /* Helper.swift */,
			);
			path = tips;
			sourceTree = "<group>";
		};
/* End PBXGroup section */

/* Begin PBXNativeTarget section */
		9702108E1D19B84900F061DA /* tips */ = {
			isa = PBXNativeTarget;
			buildConfigurationList = 970210A11D19B84900F061DA /* Build configuration list for PBXNativeTarget "tips" */;
			buildPhases = (
				9702108B1D19B84900F061DA /* Sources */,
				9702108C1D19B84900F061DA /* Frameworks */,
				9702108D1D19B84900F061DA /* Resources */,
			);
			buildRules = (
			);
			dependencies = (
			);
			name = tips;
			productName = tips;
			productReference = 9702108F1D19B84900F061DA /* tips.app */;
			productType = "com.apple.product-type.application";
		};
/* End PBXNativeTarget section */

/* Begin PBXProject section */
		970210871D19B84900F061DA /* Project object */ = {
			isa = PBXProject;
			attributes = {
				LastSwiftUpdateCheck = 0730;
				LastUpgradeCheck = 0730;
				ORGANIZATIONNAME = "LONG HOANG";
				TargetAttributes = {
					9702108E1D19B84900F061DA = {
						CreatedOnToolsVersion = 7.3.1;
					};
				};
			};
			buildConfigurationList = 9702108A1D19B84900F061DA /* Build configuration list for PBXProject "tips" */;
			compatibilityVersion = "Xcode 3.2";
			developmentRegion = English;
			hasScannedForEncodings = 0;
			knownRegions = (
				en,
				Base,
			);
			mainGroup = 970210861D19B84900F061DA;
			productRefGroup = 970210901D19B84900F061DA /* Products */;
			projectDirPath = "";
			projectRoot = "";
			targets = (
				9702108E1D19B84900F061DA /* tips */,
			);
		};
/* End PBXProject section */

/* Begin PBXResourcesBuildPhase section */
		9702108D1D19B84900F061DA /* Resources */ = {
			isa = PBXResourcesBuildPhase;
			buildActionMask = 2147483647;
			files = (
				9702109D1D19B84900F061DA /* LaunchScreen.storyboard in Resources */,
				9702109A1D19B84900F061DA /* Assets.xcassets in Resources */,
				970210981D19B84900F061DA /* Main.storyboard in Resources */,
			);
			runOnlyForDeploymentPostprocessing = 0;
		};
/* End PBXResourcesBuildPhase section */

/* Begin PBXSourcesBuildPhase section */
		9702108B1D19B84900F061DA /* Sources */ = {
			isa = PBXSourcesBuildPhase;
			buildActionMask = 2147483647;
			files = (
				970210951D19B84900F061DA /* ViewController.swift in Sources */,
				970210931D19B84900F061DA /* AppDelegate.swift in Sources */,
				97329BCC1D19D0D400DF01BD /* SettingsViewController.swift in Sources */,
				97BFDD041D1B128B00385B93 /* Helper.swift in Sources */,
			);
			runOnlyForDeploymentPostprocessing = 0;
		};
/* End PBXSourcesBuildPhase section */

/* Begin PBXVariantGroup section */
		970210961D19B84900F061DA /* Main.storyboard */ = {
			isa = PBXVariantGroup;
			children = (
				970210971D19B84900F061DA /* Base */,
			);
			name = Main.storyboard;
			sourceTree = "<group>";
		};
		9702109B1D19B84900F061DA /* LaunchScreen.storyboard */ = {
			isa = PBXVariantGroup;
			children = (
				9702109C1D19B84900F061DA /* Base */,
			);
			name = LaunchScreen.storyboard;
			sourceTree = "<group>";
		};
/* End PBXVariantGroup section */

/* Begin XCBuildConfiguration section */
		9702109F1D19B84900F061DA /* Debug */ = {
			isa = XCBuildConfiguration;
			buildSettings = {
				ALWAYS_SEARCH_USER_PATHS = NO;
				CLANG_ANALYZER_NONNULL = YES;
				CLANG_CXX_LANGUAGE_STANDARD = "gnu++0x";
				CLANG_CXX_LIBRARY = "libc++";
				CLANG_ENABLE_MODULES = YES;
				CLANG_ENABLE_OBJC_ARC = YES;
				CLANG_WARN_BOOL_CONVERSION = YES;
				CLANG_WARN_CONSTANT_CONVERSION = YES;
				CLANG_WARN_DIRECT_OBJC_ISA_USAGE = YES_ERROR;
				CLANG_WARN_EMPTY_BODY = YES;
				CLANG_WARN_ENUM_CONVERSION = YES;
				CLANG_WARN_INT_CONVERSION = YES;
				CLANG_WARN_OBJC_ROOT_CLASS = YES_ERROR;
				CLANG_WARN_UNREACHABLE_CODE = YES;
				CLANG_WARN__DUPLICATE_METHOD_MATCH = YES;
				"CODE_SIGN_IDENTITY[sdk=iphoneos*]" = "iPhone Developer";
				COPY_PHASE_STRIP = NO;
				DEBUG_INFORMATION_FORMAT = dwarf;
				ENABLE_STRICT_OBJC_MSGSEND = YES;
				ENABLE_TESTABILITY = YES;
				GCC_C_LANGUAGE_STANDARD = gnu99;
				GCC_DYNAMIC_NO_PIC = NO;
				GCC_NO_COMMON_BLOCKS = YES;
				GCC_OPTIMIZATION_LEVEL = 0;
				GCC_PREPROCESSOR_DEFINITIONS = (
					"DEBUG=1",
					"$(inherited)",
				);
				GCC_WARN_64_TO_32_BIT_CONVERSION = YES;
				GCC_WARN_ABOUT_RETURN_TYPE = YES_ERROR;
				GCC_WARN_UNDECLARED_SELECTOR = YES;
				GCC_WARN_UNINITIALIZED_AUTOS = YES_AGGRESSIVE;
				GCC_WARN_UNUSED_FUNCTION = YES;
				GCC_WARN_UNUSED_VARIABLE = YES;
				IPHONEOS_DEPLOYMENT_TARGET = 9.3;
				MTL_ENABLE_DEBUG_INFO = YES;
				ONLY_ACTIVE_ARCH = YES;
				SDKROOT = iphoneos;
				SWIFT_OPTIMIZATION_LEVEL = "-Onone";
			};
			name = Debug;
		};
		970210A01D19B84900F061DA /* Release */ = {
			isa = XCBuildConfiguration;
			buildSettings = {
				ALWAYS_SEARCH_USER_PATHS = NO;
				CLANG_ANALYZER_NONNULL = YES;
				CLANG_CXX_LANGUAGE_STANDARD = "gnu++0x";
				CLANG_CXX_LIBRARY = "libc++";
				CLANG_ENABLE_MODULES = YES;
				CLANG_ENABLE_OBJC_ARC = YES;
				CLANG_WARN_BOOL_CONVERSION = YES;
				CLANG_WARN_CONSTANT_CONVERSION = YES;
				CLANG_WARN_DIRECT_OBJC_ISA_USAGE = YES_ERROR;
				CLANG_WARN_EMPTY_BODY = YES;
				CLANG_WARN_ENUM_CONVERSION = YES;
				CLANG_WARN_INT_CONVERSION = YES;
				CLANG_WARN_OBJC_ROOT_CLASS = YES_ERROR;
				CLANG_WARN_UNREACHABLE_CODE = YES;
				CLANG_WARN__DUPLICATE_METHOD_MATCH = YES;
				"CODE_SIGN_IDENTITY[sdk=iphoneos*]" = "iPhone Developer";
				COPY_PHASE_STRIP = NO;
				DEBUG_INFORMATION_FORMAT = "dwarf-with-dsym";
				ENABLE_NS_ASSERTIONS = NO;
				ENABLE_STRICT_OBJC_MSGSEND = YES;
				GCC_C_LANGUAGE_STANDARD = gnu99;
				GCC_NO_COMMON_BLOCKS = YES;
				GCC_WARN_64_TO_32_BIT_CONVERSION = YES;
				GCC_WARN_ABOUT_RETURN_TYPE = YES_ERROR;
				GCC_WARN_UNDECLARED_SELECTOR = YES;
				GCC_WARN_UNINITIALIZED_AUTOS = YES_AGGRESSIVE;
				GCC_WARN_UNUSED_FUNCTION = YES;
				GCC_WARN_UNUSED_VARIABLE = YES;
				IPHONEOS_DEPLOYMENT_TARGET = 9.3;
				MTL_ENABLE_DEBUG_INFO = NO;
				SDKROOT = iphoneos;
				VALIDATE_PRODUCT = YES;
			};
			name = Release;
		};
		970210A21D19B84900F061DA /* Debug */ = {
			isa = XCBuildConfiguration;
			buildSettings = {
				ASSETCATALOG_COMPILER_APPICON_NAME = AppIcon;
				INFOPLIST_FILE = tips/Info.plist;
				IPHONEOS_DEPLOYMENT_TARGET = 9.3;
				LD_RUNPATH_SEARCH_PATHS = "$(inherited) @executable_path/Frameworks";
				PRODUCT_BUNDLE_IDENTIFIER = coderschool.tips;
				PRODUCT_NAME = "$(TARGET_NAME)";
			};
			name = Debug;
		};
		970210A31D19B84900F061DA /* Release */ = {
			isa = XCBuildConfiguration;
			buildSettings = {
				ASSETCATALOG_COMPILER_APPICON_NAME = AppIcon;
				INFOPLIST_FILE = tips/Info.plist;
				IPHONEOS_DEPLOYMENT_TARGET = 9.3;
				LD_RUNPATH_SEARCH_PATHS = "$(inherited) @executable_path/Frameworks";
				PRODUCT_BUNDLE_IDENTIFIER = coderschool.tips;
				PRODUCT_NAME = "$(TARGET_NAME)";
			};
			name = Release;
		};
/* End XCBuildConfiguration section */

/* Begin XCConfigurationList section */
		9702108A1D19B84900F061DA /* Build configuration list for PBXProject "tips" */ = {
			isa = XCConfigurationList;
			buildConfigurations = (
				9702109F1D19B84900F061DA /* Debug */,
				970210A01D19B84900F061DA /* Release */,
			);
			defaultConfigurationIsVisible = 0;
			defaultConfigurationName = Release;
		};
		970210A11D19B84900F061DA /* Build configuration list for PBXNativeTarget "tips" */ = {
			isa = XCConfigurationList;
			buildConfigurations = (
				970210A21D19B84900F061DA /* Debug */,
				970210A31D19B84900F061DA /* Release */,
			);
			defaultConfigurationIsVisible = 0;
			defaultConfigurationName = Release;
		};
/* End XCConfigurationList section */
	};
	rootObject = 970210871D19B84900F061DA /* Project object */;
}
